// !$*UTF8*$!
{
	archiveVersion = 1;
	classes = {
	};
	objectVersion = 50;
	objects = {

/* Begin PBXBuildFile section */
		40163E3D26D6405B00CB6BF0 /* Card.m in Sources */ = {isa = PBXBuildFile; fileRef = 40163E3C26D6405B00CB6BF0 /* Card.m */; };
		40163E4126D6758E00CB6BF0 /* CardList.m in Sources */ = {isa = PBXBuildFile; fileRef = 40163E4026D6758E00CB6BF0 /* CardList.m */; };
		40163E4426D67E3500CB6BF0 /* CardListTableViewController.m in Sources */ = {isa = PBXBuildFile; fileRef = 40163E4326D67E3500CB6BF0 /* CardListTableViewController.m */; };
		40163E4B26D68BE000CB6BF0 /* CardDetailsViewController.m in Sources */ = {isa = PBXBuildFile; fileRef = 40163E4A26D68BE000CB6BF0 /* CardDetailsViewController.m */; };
		40163E4E26D7EF8000CB6BF0 /* AddCardViewController.m in Sources */ = {isa = PBXBuildFile; fileRef = 40163E4D26D7EF8000CB6BF0 /* AddCardViewController.m */; };
		4061924426D62DEE00F5CC91 /* AppDelegate.m in Sources */ = {isa = PBXBuildFile; fileRef = 4061924326D62DEE00F5CC91 /* AppDelegate.m */; };
		4061924726D62DEE00F5CC91 /* SceneDelegate.m in Sources */ = {isa = PBXBuildFile; fileRef = 4061924626D62DEE00F5CC91 /* SceneDelegate.m */; };
		4061924D26D62DEE00F5CC91 /* Main.storyboard in Resources */ = {isa = PBXBuildFile; fileRef = 4061924B26D62DEE00F5CC91 /* Main.storyboard */; };
		4061924F26D62DF000F5CC91 /* Assets.xcassets in Resources */ = {isa = PBXBuildFile; fileRef = 4061924E26D62DF000F5CC91 /* Assets.xcassets */; };
		4061925226D62DF000F5CC91 /* LaunchScreen.storyboard in Resources */ = {isa = PBXBuildFile; fileRef = 4061925026D62DF000F5CC91 /* LaunchScreen.storyboard */; };
		4061925526D62DF000F5CC91 /* main.m in Sources */ = {isa = PBXBuildFile; fileRef = 4061925426D62DF000F5CC91 /* main.m */; };
/* End PBXBuildFile section */

/* Begin PBXContainerItemProxy section */
		4061925B26D62DF100F5CC91 /* PBXContainerItemProxy */ = {
			isa = PBXContainerItemProxy;
			containerPortal = 4061923726D62DEE00F5CC91 /* Project object */;
			proxyType = 1;
			remoteGlobalIDString = 4061923E26D62DEE00F5CC91;
			remoteInfo = MyLoyaltyCards;
		};
		4061926626D62DF100F5CC91 /* PBXContainerItemProxy */ = {
			isa = PBXContainerItemProxy;
			containerPortal = 4061923726D62DEE00F5CC91 /* Project object */;
			proxyType = 1;
			remoteGlobalIDString = 4061923E26D62DEE00F5CC91;
			remoteInfo = MyLoyaltyCards;
		};
/* End PBXContainerItemProxy section */

/* Begin PBXFileReference section */
		40163E3B26D6405B00CB6BF0 /* Card.h */ = {isa = PBXFileReference; lastKnownFileType = sourcecode.c.h; path = Card.h; sourceTree = "<group>"; };
		40163E3C26D6405B00CB6BF0 /* Card.m */ = {isa = PBXFileReference; lastKnownFileType = sourcecode.c.objc; path = Card.m; sourceTree = "<group>"; };
		40163E3F26D6758E00CB6BF0 /* CardList.h */ = {isa = PBXFileReference; lastKnownFileType = sourcecode.c.h; path = CardList.h; sourceTree = "<group>"; };
		40163E4026D6758E00CB6BF0 /* CardList.m */ = {isa = PBXFileReference; lastKnownFileType = sourcecode.c.objc; path = CardList.m; sourceTree = "<group>"; };
		40163E4226D67E3500CB6BF0 /* CardListTableViewController.h */ = {isa = PBXFileReference; lastKnownFileType = sourcecode.c.h; path = CardListTableViewController.h; sourceTree = "<group>"; };
		40163E4326D67E3500CB6BF0 /* CardListTableViewController.m */ = {isa = PBXFileReference; lastKnownFileType = sourcecode.c.objc; path = CardListTableViewController.m; sourceTree = "<group>"; };
		40163E4926D68BE000CB6BF0 /* CardDetailsViewController.h */ = {isa = PBXFileReference; lastKnownFileType = sourcecode.c.h; name = CardDetailsViewController.h; path = MyLoyaltyCards/CardDetailsViewController.h; sourceTree = SOURCE_ROOT; };
		40163E4A26D68BE000CB6BF0 /* CardDetailsViewController.m */ = {isa = PBXFileReference; lastKnownFileType = sourcecode.c.objc; name = CardDetailsViewController.m; path = MyLoyaltyCards/CardDetailsViewController.m; sourceTree = SOURCE_ROOT; };
		40163E4C26D7EF8000CB6BF0 /* AddCardViewController.h */ = {isa = PBXFileReference; lastKnownFileType = sourcecode.c.h; path = AddCardViewController.h; sourceTree = "<group>"; };
		40163E4D26D7EF8000CB6BF0 /* AddCardViewController.m */ = {isa = PBXFileReference; lastKnownFileType = sourcecode.c.objc; path = AddCardViewController.m; sourceTree = "<group>"; };
		4061923F26D62DEE00F5CC91 /* MyLoyaltyCards.app */ = {isa = PBXFileReference; explicitFileType = wrapper.application; includeInIndex = 0; path = MyLoyaltyCards.app; sourceTree = BUILT_PRODUCTS_DIR; };
		4061924226D62DEE00F5CC91 /* AppDelegate.h */ = {isa = PBXFileReference; lastKnownFileType = sourcecode.c.h; path = AppDelegate.h; sourceTree = "<group>"; };
		4061924326D62DEE00F5CC91 /* AppDelegate.m */ = {isa = PBXFileReference; lastKnownFileType = sourcecode.c.objc; path = AppDelegate.m; sourceTree = "<group>"; };
		4061924526D62DEE00F5CC91 /* SceneDelegate.h */ = {isa = PBXFileReference; lastKnownFileType = sourcecode.c.h; path = SceneDelegate.h; sourceTree = "<group>"; };
		4061924626D62DEE00F5CC91 /* SceneDelegate.m */ = {isa = PBXFileReference; lastKnownFileType = sourcecode.c.objc; path = SceneDelegate.m; sourceTree = "<group>"; };
		4061924C26D62DEE00F5CC91 /* Base */ = {isa = PBXFileReference; lastKnownFileType = file.storyboard; name = Base; path = Base.lproj/Main.storyboard; sourceTree = "<group>"; };
		4061924E26D62DF000F5CC91 /* Assets.xcassets */ = {isa = PBXFileReference; lastKnownFileType = folder.assetcatalog; path = Assets.xcassets; sourceTree = "<group>"; };
		4061925126D62DF000F5CC91 /* Base */ = {isa = PBXFileReference; lastKnownFileType = file.storyboard; name = Base; path = Base.lproj/LaunchScreen.storyboard; sourceTree = "<group>"; };
		4061925326D62DF000F5CC91 /* Info.plist */ = {isa = PBXFileReference; lastKnownFileType = text.plist.xml; path = Info.plist; sourceTree = "<group>"; };
		4061925426D62DF000F5CC91 /* main.m */ = {isa = PBXFileReference; lastKnownFileType = sourcecode.c.objc; path = main.m; sourceTree = "<group>"; };
		4061925A26D62DF100F5CC91 /* MyLoyaltyCardsTests.xctest */ = {isa = PBXFileReference; explicitFileType = wrapper.cfbundle; includeInIndex = 0; path = MyLoyaltyCardsTests.xctest; sourceTree = BUILT_PRODUCTS_DIR; };
		4061926526D62DF100F5CC91 /* MyLoyaltyCardsUITests.xctest */ = {isa = PBXFileReference; explicitFileType = wrapper.cfbundle; includeInIndex = 0; path = MyLoyaltyCardsUITests.xctest; sourceTree = BUILT_PRODUCTS_DIR; };
/* End PBXFileReference section */

/* Begin PBXFrameworksBuildPhase section */
		4061923C26D62DEE00F5CC91 /* Frameworks */ = {
			isa = PBXFrameworksBuildPhase;
			buildActionMask = 2147483647;
			files = (
			);
			runOnlyForDeploymentPostprocessing = 0;
		};
		4061925726D62DF100F5CC91 /* Frameworks */ = {
			isa = PBXFrameworksBuildPhase;
			buildActionMask = 2147483647;
			files = (
			);
			runOnlyForDeploymentPostprocessing = 0;
		};
		4061926226D62DF100F5CC91 /* Frameworks */ = {
			isa = PBXFrameworksBuildPhase;
			buildActionMask = 2147483647;
			files = (
			);
			runOnlyForDeploymentPostprocessing = 0;
		};
/* End PBXFrameworksBuildPhase section */

/* Begin PBXGroup section */
		40163E3E26D651AA00CB6BF0 /* Model */ = {
			isa = PBXGroup;
			children = (
				40163E3B26D6405B00CB6BF0 /* Card.h */,
				40163E3C26D6405B00CB6BF0 /* Card.m */,
				40163E3F26D6758E00CB6BF0 /* CardList.h */,
				40163E4026D6758E00CB6BF0 /* CardList.m */,
			);
			path = Model;
			sourceTree = "<group>";
		};
		40163E4526D67E5700CB6BF0 /* Controller */ = {
			isa = PBXGroup;
			children = (
				40163E4926D68BE000CB6BF0 /* CardDetailsViewController.h */,
				40163E4A26D68BE000CB6BF0 /* CardDetailsViewController.m */,
				40163E4226D67E3500CB6BF0 /* CardListTableViewController.h */,
				40163E4326D67E3500CB6BF0 /* CardListTableViewController.m */,
				40163E4C26D7EF8000CB6BF0 /* AddCardViewController.h */,
				40163E4D26D7EF8000CB6BF0 /* AddCardViewController.m */,
			);
			path = Controller;
			sourceTree = "<group>";
		};
		4061923626D62DEE00F5CC91 = {
			isa = PBXGroup;
			children = (
				4061924126D62DEE00F5CC91 /* MyLoyaltyCards */,
				4061924026D62DEE00F5CC91 /* Products */,
			);
			sourceTree = "<group>";
		};
		4061924026D62DEE00F5CC91 /* Products */ = {
			isa = PBXGroup;
			children = (
				4061923F26D62DEE00F5CC91 /* MyLoyaltyCards.app */,
				4061925A26D62DF100F5CC91 /* MyLoyaltyCardsTests.xctest */,
				4061926526D62DF100F5CC91 /* MyLoyaltyCardsUITests.xctest */,
			);
			name = Products;
			sourceTree = "<group>";
		};
		4061924126D62DEE00F5CC91 /* MyLoyaltyCards */ = {
			isa = PBXGroup;
			children = (
				4061924226D62DEE00F5CC91 /* AppDelegate.h */,
				4061924326D62DEE00F5CC91 /* AppDelegate.m */,
				4061924526D62DEE00F5CC91 /* SceneDelegate.h */,
				4061924626D62DEE00F5CC91 /* SceneDelegate.m */,
				4061924B26D62DEE00F5CC91 /* Main.storyboard */,
				40163E4526D67E5700CB6BF0 /* Controller */,
				40163E3E26D651AA00CB6BF0 /* Model */,
				4061924E26D62DF000F5CC91 /* Assets.xcassets */,
				4061925026D62DF000F5CC91 /* LaunchScreen.storyboard */,
				4061925326D62DF000F5CC91 /* Info.plist */,
				4061925426D62DF000F5CC91 /* main.m */,
			);
			path = MyLoyaltyCards;
			sourceTree = "<group>";
		};
/* End PBXGroup section */

/* Begin PBXNativeTarget section */
		4061923E26D62DEE00F5CC91 /* MyLoyaltyCards */ = {
			isa = PBXNativeTarget;
			buildConfigurationList = 4061926E26D62DF100F5CC91 /* Build configuration list for PBXNativeTarget "MyLoyaltyCards" */;
			buildPhases = (
				4061923B26D62DEE00F5CC91 /* Sources */,
				4061923C26D62DEE00F5CC91 /* Frameworks */,
				4061923D26D62DEE00F5CC91 /* Resources */,
			);
			buildRules = (
			);
			dependencies = (
			);
			name = MyLoyaltyCards;
			productName = MyLoyaltyCards;
			productReference = 4061923F26D62DEE00F5CC91 /* MyLoyaltyCards.app */;
			productType = "com.apple.product-type.application";
		};
		4061925926D62DF100F5CC91 /* MyLoyaltyCardsTests */ = {
			isa = PBXNativeTarget;
			buildConfigurationList = 4061927126D62DF100F5CC91 /* Build configuration list for PBXNativeTarget "MyLoyaltyCardsTests" */;
			buildPhases = (
				4061925626D62DF100F5CC91 /* Sources */,
				4061925726D62DF100F5CC91 /* Frameworks */,
				4061925826D62DF100F5CC91 /* Resources */,
			);
			buildRules = (
			);
			dependencies = (
				4061925C26D62DF100F5CC91 /* PBXTargetDependency */,
			);
			name = MyLoyaltyCardsTests;
			productName = MyLoyaltyCardsTests;
			productReference = 4061925A26D62DF100F5CC91 /* MyLoyaltyCardsTests.xctest */;
			productType = "com.apple.product-type.bundle.unit-test";
		};
		4061926426D62DF100F5CC91 /* MyLoyaltyCardsUITests */ = {
			isa = PBXNativeTarget;
			buildConfigurationList = 4061927426D62DF100F5CC91 /* Build configuration list for PBXNativeTarget "MyLoyaltyCardsUITests" */;
			buildPhases = (
				4061926126D62DF100F5CC91 /* Sources */,
				4061926226D62DF100F5CC91 /* Frameworks */,
				4061926326D62DF100F5CC91 /* Resources */,
			);
			buildRules = (
			);
			dependencies = (
				4061926726D62DF100F5CC91 /* PBXTargetDependency */,
			);
			name = MyLoyaltyCardsUITests;
			productName = MyLoyaltyCardsUITests;
			productReference = 4061926526D62DF100F5CC91 /* MyLoyaltyCardsUITests.xctest */;
			productType = "com.apple.product-type.bundle.ui-testing";
		};
/* End PBXNativeTarget section */

/* Begin PBXProject section */
		4061923726D62DEE00F5CC91 /* Project object */ = {
			isa = PBXProject;
			attributes = {
				LastUpgradeCheck = 1250;
				TargetAttributes = {
					4061923E26D62DEE00F5CC91 = {
						CreatedOnToolsVersion = 12.5.1;
					};
					4061925926D62DF100F5CC91 = {
						CreatedOnToolsVersion = 12.5.1;
						TestTargetID = 4061923E26D62DEE00F5CC91;
					};
					4061926426D62DF100F5CC91 = {
						CreatedOnToolsVersion = 12.5.1;
						TestTargetID = 4061923E26D62DEE00F5CC91;
					};
				};
			};
			buildConfigurationList = 4061923A26D62DEE00F5CC91 /* Build configuration list for PBXProject "MyLoyaltyCards" */;
			compatibilityVersion = "Xcode 9.3";
			developmentRegion = en;
			hasScannedForEncodings = 0;
			knownRegions = (
				en,
				Base,
			);
			mainGroup = 4061923626D62DEE00F5CC91;
			productRefGroup = 4061924026D62DEE00F5CC91 /* Products */;
			projectDirPath = "";
			projectRoot = "";
			targets = (
				4061923E26D62DEE00F5CC91 /* MyLoyaltyCards */,
				4061925926D62DF100F5CC91 /* MyLoyaltyCardsTests */,
				4061926426D62DF100F5CC91 /* MyLoyaltyCardsUITests */,
			);
		};
/* End PBXProject section */

/* Begin PBXResourcesBuildPhase section */
		4061923D26D62DEE00F5CC91 /* Resources */ = {
			isa = PBXResourcesBuildPhase;
			buildActionMask = 2147483647;
			files = (
				4061925226D62DF000F5CC91 /* LaunchScreen.storyboard in Resources */,
				4061924F26D62DF000F5CC91 /* Assets.xcassets in Resources */,
				4061924D26D62DEE00F5CC91 /* Main.storyboard in Resources */,
			);
			runOnlyForDeploymentPostprocessing = 0;
		};
		4061925826D62DF100F5CC91 /* Resources */ = {
			isa = PBXResourcesBuildPhase;
			buildActionMask = 2147483647;
			files = (
			);
			runOnlyForDeploymentPostprocessing = 0;
		};
		4061926326D62DF100F5CC91 /* Resources */ = {
			isa = PBXResourcesBuildPhase;
			buildActionMask = 2147483647;
			files = (
			);
			runOnlyForDeploymentPostprocessing = 0;
		};
/* End PBXResourcesBuildPhase section */

/* Begin PBXSourcesBuildPhase section */
		4061923B26D62DEE00F5CC91 /* Sources */ = {
			isa = PBXSourcesBuildPhase;
			buildActionMask = 2147483647;
			files = (
				40163E3D26D6405B00CB6BF0 /* Card.m in Sources */,
				40163E4B26D68BE000CB6BF0 /* CardDetailsViewController.m in Sources */,
				40163E4126D6758E00CB6BF0 /* CardList.m in Sources */,
				4061924426D62DEE00F5CC91 /* AppDelegate.m in Sources */,
				40163E4E26D7EF8000CB6BF0 /* AddCardViewController.m in Sources */,
				40163E4426D67E3500CB6BF0 /* CardListTableViewController.m in Sources */,
				4061925526D62DF000F5CC91 /* main.m in Sources */,
				4061924726D62DEE00F5CC91 /* SceneDelegate.m in Sources */,
			);
			runOnlyForDeploymentPostprocessing = 0;
		};
		4061925626D62DF100F5CC91 /* Sources */ = {
			isa = PBXSourcesBuildPhase;
			buildActionMask = 2147483647;
			files = (
			);
			runOnlyForDeploymentPostprocessing = 0;
		};
		4061926126D62DF100F5CC91 /* Sources */ = {
			isa = PBXSourcesBuildPhase;
			buildActionMask = 2147483647;
			files = (
			);
			runOnlyForDeploymentPostprocessing = 0;
		};
/* End PBXSourcesBuildPhase section */

/* Begin PBXTargetDependency section */
		4061925C26D62DF100F5CC91 /* PBXTargetDependency */ = {
			isa = PBXTargetDependency;
			target = 4061923E26D62DEE00F5CC91 /* MyLoyaltyCards */;
			targetProxy = 4061925B26D62DF100F5CC91 /* PBXContainerItemProxy */;
		};
		4061926726D62DF100F5CC91 /* PBXTargetDependency */ = {
			isa = PBXTargetDependency;
			target = 4061923E26D62DEE00F5CC91 /* MyLoyaltyCards */;
			targetProxy = 4061926626D62DF100F5CC91 /* PBXContainerItemProxy */;
		};
/* End PBXTargetDependency section */

/* Begin PBXVariantGroup section */
		4061924B26D62DEE00F5CC91 /* Main.storyboard */ = {
			isa = PBXVariantGroup;
			children = (
				4061924C26D62DEE00F5CC91 /* Base */,
			);
			name = Main.storyboard;
			sourceTree = "<group>";
		};
		4061925026D62DF000F5CC91 /* LaunchScreen.storyboard */ = {
			isa = PBXVariantGroup;
			children = (
				4061925126D62DF000F5CC91 /* Base */,
			);
			name = LaunchScreen.storyboard;
			sourceTree = "<group>";
		};
/* End PBXVariantGroup section */

/* Begin XCBuildConfiguration section */
		4061926C26D62DF100F5CC91 /* Debug */ = {
			isa = XCBuildConfiguration;
			buildSettings = {
				ALWAYS_SEARCH_USER_PATHS = NO;
				CLANG_ANALYZER_NONNULL = YES;
				CLANG_ANALYZER_NUMBER_OBJECT_CONVERSION = YES_AGGRESSIVE;
				CLANG_CXX_LANGUAGE_STANDARD = "gnu++14";
				CLANG_CXX_LIBRARY = "libc++";
				CLANG_ENABLE_MODULES = YES;
				CLANG_ENABLE_OBJC_ARC = YES;
				CLANG_ENABLE_OBJC_WEAK = YES;
				CLANG_WARN_BLOCK_CAPTURE_AUTORELEASING = YES;
				CLANG_WARN_BOOL_CONVERSION = YES;
				CLANG_WARN_COMMA = YES;
				CLANG_WARN_CONSTANT_CONVERSION = YES;
				CLANG_WARN_DEPRECATED_OBJC_IMPLEMENTATIONS = YES;
				CLANG_WARN_DIRECT_OBJC_ISA_USAGE = YES_ERROR;
				CLANG_WARN_DOCUMENTATION_COMMENTS = YES;
				CLANG_WARN_EMPTY_BODY = YES;
				CLANG_WARN_ENUM_CONVERSION = YES;
				CLANG_WARN_INFINITE_RECURSION = YES;
				CLANG_WARN_INT_CONVERSION = YES;
				CLANG_WARN_NON_LITERAL_NULL_CONVERSION = YES;
				CLANG_WARN_OBJC_IMPLICIT_RETAIN_SELF = YES;
				CLANG_WARN_OBJC_LITERAL_CONVERSION = YES;
				CLANG_WARN_OBJC_ROOT_CLASS = YES_ERROR;
				CLANG_WARN_QUOTED_INCLUDE_IN_FRAMEWORK_HEADER = YES;
				CLANG_WARN_RANGE_LOOP_ANALYSIS = YES;
				CLANG_WARN_STRICT_PROTOTYPES = YES;
				CLANG_WARN_SUSPICIOUS_MOVE = YES;
				CLANG_WARN_UNGUARDED_AVAILABILITY = YES_AGGRESSIVE;
				CLANG_WARN_UNREACHABLE_CODE = YES;
				CLANG_WARN__DUPLICATE_METHOD_MATCH = YES;
				COPY_PHASE_STRIP = NO;
				DEBUG_INFORMATION_FORMAT = dwarf;
				ENABLE_STRICT_OBJC_MSGSEND = YES;
				ENABLE_TESTABILITY = YES;
				GCC_C_LANGUAGE_STANDARD = gnu11;
				GCC_DYNAMIC_NO_PIC = NO;
				GCC_NO_COMMON_BLOCKS = YES;
				GCC_OPTIMIZATION_LEVEL = 0;
				GCC_PREPROCESSOR_DEFINITIONS = (
					"DEBUG=1",
					"$(inherited)",
				);
				GCC_WARN_64_TO_32_BIT_CONVERSION = YES;
				GCC_WARN_ABOUT_RETURN_TYPE = YES_ERROR;
				GCC_WARN_UNDECLARED_SELECTOR = YES;
				GCC_WARN_UNINITIALIZED_AUTOS = YES_AGGRESSIVE;
				GCC_WARN_UNUSED_FUNCTION = YES;
				GCC_WARN_UNUSED_VARIABLE = YES;
				IPHONEOS_DEPLOYMENT_TARGET = 14.5;
				MTL_ENABLE_DEBUG_INFO = INCLUDE_SOURCE;
				MTL_FAST_MATH = YES;
				ONLY_ACTIVE_ARCH = YES;
				SDKROOT = iphoneos;
			};
			name = Debug;
		};
		4061926D26D62DF100F5CC91 /* Release */ = {
			isa = XCBuildConfiguration;
			buildSettings = {
				ALWAYS_SEARCH_USER_PATHS = NO;
				CLANG_ANALYZER_NONNULL = YES;
				CLANG_ANALYZER_NUMBER_OBJECT_CONVERSION = YES_AGGRESSIVE;
				CLANG_CXX_LANGUAGE_STANDARD = "gnu++14";
				CLANG_CXX_LIBRARY = "libc++";
				CLANG_ENABLE_MODULES = YES;
				CLANG_ENABLE_OBJC_ARC = YES;
				CLANG_ENABLE_OBJC_WEAK = YES;
				CLANG_WARN_BLOCK_CAPTURE_AUTORELEASING = YES;
				CLANG_WARN_BOOL_CONVERSION = YES;
				CLANG_WARN_COMMA = YES;
				CLANG_WARN_CONSTANT_CONVERSION = YES;
				CLANG_WARN_DEPRECATED_OBJC_IMPLEMENTATIONS = YES;
				CLANG_WARN_DIRECT_OBJC_ISA_USAGE = YES_ERROR;
				CLANG_WARN_DOCUMENTATION_COMMENTS = YES;
				CLANG_WARN_EMPTY_BODY = YES;
				CLANG_WARN_ENUM_CONVERSION = YES;
				CLANG_WARN_INFINITE_RECURSION = YES;
				CLANG_WARN_INT_CONVERSION = YES;
				CLANG_WARN_NON_LITERAL_NULL_CONVERSION = YES;
				CLANG_WARN_OBJC_IMPLICIT_RETAIN_SELF = YES;
				CLANG_WARN_OBJC_LITERAL_CONVERSION = YES;
				CLANG_WARN_OBJC_ROOT_CLASS = YES_ERROR;
				CLANG_WARN_QUOTED_INCLUDE_IN_FRAMEWORK_HEADER = YES;
				CLANG_WARN_RANGE_LOOP_ANALYSIS = YES;
				CLANG_WARN_STRICT_PROTOTYPES = YES;
				CLANG_WARN_SUSPICIOUS_MOVE = YES;
				CLANG_WARN_UNGUARDED_AVAILABILITY = YES_AGGRESSIVE;
				CLANG_WARN_UNREACHABLE_CODE = YES;
				CLANG_WARN__DUPLICATE_METHOD_MATCH = YES;
				COPY_PHASE_STRIP = NO;
				DEBUG_INFORMATION_FORMAT = "dwarf-with-dsym";
				ENABLE_NS_ASSERTIONS = NO;
				ENABLE_STRICT_OBJC_MSGSEND = YES;
				GCC_C_LANGUAGE_STANDARD = gnu11;
				GCC_NO_COMMON_BLOCKS = YES;
				GCC_WARN_64_TO_32_BIT_CONVERSION = YES;
				GCC_WARN_ABOUT_RETURN_TYPE = YES_ERROR;
				GCC_WARN_UNDECLARED_SELECTOR = YES;
				GCC_WARN_UNINITIALIZED_AUTOS = YES_AGGRESSIVE;
				GCC_WARN_UNUSED_FUNCTION = YES;
				GCC_WARN_UNUSED_VARIABLE = YES;
				IPHONEOS_DEPLOYMENT_TARGET = 14.5;
				MTL_ENABLE_DEBUG_INFO = NO;
				MTL_FAST_MATH = YES;
				SDKROOT = iphoneos;
				VALIDATE_PRODUCT = YES;
			};
			name = Release;
		};
		4061926F26D62DF100F5CC91 /* Debug */ = {
			isa = XCBuildConfiguration;
			buildSettings = {
				ASSETCATALOG_COMPILER_APPICON_NAME = AppIcon;
				ASSETCATALOG_COMPILER_GLOBAL_ACCENT_COLOR_NAME = AccentColor;
				CODE_SIGN_STYLE = Automatic;
				DEVELOPMENT_TEAM = 3S736PPBGS;
				INFOPLIST_FILE = MyLoyaltyCards/Info.plist;
				LD_RUNPATH_SEARCH_PATHS = (
					"$(inherited)",
					"@executable_path/Frameworks",
				);
				PRODUCT_BUNDLE_IDENTIFIER = cristian.MyLoyaltyCards;
				PRODUCT_NAME = "$(TARGET_NAME)";
				TARGETED_DEVICE_FAMILY = "1,2";
			};
			name = Debug;
		};
		4061927026D62DF100F5CC91 /* Release */ = {
			isa = XCBuildConfiguration;
			buildSettings = {
				ASSETCATALOG_COMPILER_APPICON_NAME = AppIcon;
				ASSETCATALOG_COMPILER_GLOBAL_ACCENT_COLOR_NAME = AccentColor;
				CODE_SIGN_STYLE = Automatic;
				DEVELOPMENT_TEAM = 3S736PPBGS;
				INFOPLIST_FILE = MyLoyaltyCards/Info.plist;
				LD_RUNPATH_SEARCH_PATHS = (
					"$(inherited)",
					"@executable_path/Frameworks",
				);
				PRODUCT_BUNDLE_IDENTIFIER = cristian.MyLoyaltyCards;
				PRODUCT_NAME = "$(TARGET_NAME)";
				TARGETED_DEVICE_FAMILY = "1,2";
			};
			name = Release;
		};
		4061927226D62DF100F5CC91 /* Debug */ = {
			isa = XCBuildConfiguration;
			buildSettings = {
				BUNDLE_LOADER = "$(TEST_HOST)";
				CODE_SIGN_STYLE = Automatic;
				DEVELOPMENT_TEAM = 3S736PPBGS;
				INFOPLIST_FILE = MyLoyaltyCardsTests/Info.plist;
				IPHONEOS_DEPLOYMENT_TARGET = 14.5;
				LD_RUNPATH_SEARCH_PATHS = (
					"$(inherited)",
					"@executable_path/Frameworks",
					"@loader_path/Frameworks",
				);
				PRODUCT_BUNDLE_IDENTIFIER = cristian.MyLoyaltyCardsTests;
				PRODUCT_NAME = "$(TARGET_NAME)";
				TARGETED_DEVICE_FAMILY = "1,2";
				TEST_HOST = "$(BUILT_PRODUCTS_DIR)/MyLoyaltyCards.app/MyLoyaltyCards";
			};
			name = Debug;
		};
		4061927326D62DF100F5CC91 /* Release */ = {
			isa = XCBuildConfiguration;
			buildSettings = {
				BUNDLE_LOADER = "$(TEST_HOST)";
				CODE_SIGN_STYLE = Automatic;
				DEVELOPMENT_TEAM = 3S736PPBGS;
				INFOPLIST_FILE = MyLoyaltyCardsTests/Info.plist;
				IPHONEOS_DEPLOYMENT_TARGET = 14.5;
				LD_RUNPATH_SEARCH_PATHS = (
					"$(inherited)",
					"@executable_path/Frameworks",
					"@loader_path/Frameworks",
				);
				PRODUCT_BUNDLE_IDENTIFIER = cristian.MyLoyaltyCardsTests;
				PRODUCT_NAME = "$(TARGET_NAME)";
				TARGETED_DEVICE_FAMILY = "1,2";
				TEST_HOST = "$(BUILT_PRODUCTS_DIR)/MyLoyaltyCards.app/MyLoyaltyCards";
			};
			name = Release;
		};
		4061927526D62DF100F5CC91 /* Debug */ = {
			isa = XCBuildConfiguration;
			buildSettings = {
				CODE_SIGN_STYLE = Automatic;
				DEVELOPMENT_TEAM = 3S736PPBGS;
				INFOPLIST_FILE = MyLoyaltyCardsUITests/Info.plist;
				LD_RUNPATH_SEARCH_PATHS = (
					"$(inherited)",
					"@executable_path/Frameworks",
					"@loader_path/Frameworks",
				);
				PRODUCT_BUNDLE_IDENTIFIER = cristian.MyLoyaltyCardsUITests;
				PRODUCT_NAME = "$(TARGET_NAME)";
				TARGETED_DEVICE_FAMILY = "1,2";
				TEST_TARGET_NAME = MyLoyaltyCards;
			};
			name = Debug;
		};
		4061927626D62DF100F5CC91 /* Release */ = {
			isa = XCBuildConfiguration;
			buildSettings = {
				CODE_SIGN_STYLE = Automatic;
				DEVELOPMENT_TEAM = 3S736PPBGS;
				INFOPLIST_FILE = MyLoyaltyCardsUITests/Info.plist;
				LD_RUNPATH_SEARCH_PATHS = (
					"$(inherited)",
					"@executable_path/Frameworks",
					"@loader_path/Frameworks",
				);
				PRODUCT_BUNDLE_IDENTIFIER = cristian.MyLoyaltyCardsUITests;
				PRODUCT_NAME = "$(TARGET_NAME)";
				TARGETED_DEVICE_FAMILY = "1,2";
				TEST_TARGET_NAME = MyLoyaltyCards;
			};
			name = Release;
		};
/* End XCBuildConfiguration section */

/* Begin XCConfigurationList section */
		4061923A26D62DEE00F5CC91 /* Build configuration list for PBXProject "MyLoyaltyCards" */ = {
			isa = XCConfigurationList;
			buildConfigurations = (
				4061926C26D62DF100F5CC91 /* Debug */,
				4061926D26D62DF100F5CC91 /* Release */,
			);
			defaultConfigurationIsVisible = 0;
			defaultConfigurationName = Release;
		};
		4061926E26D62DF100F5CC91 /* Build configuration list for PBXNativeTarget "MyLoyaltyCards" */ = {
			isa = XCConfigurationList;
			buildConfigurations = (
				4061926F26D62DF100F5CC91 /* Debug */,
				4061927026D62DF100F5CC91 /* Release */,
			);
			defaultConfigurationIsVisible = 0;
			defaultConfigurationName = Release;
		};
		4061927126D62DF100F5CC91 /* Build configuration list for PBXNativeTarget "MyLoyaltyCardsTests" */ = {
			isa = XCConfigurationList;
			buildConfigurations = (
				4061927226D62DF100F5CC91 /* Debug */,
				4061927326D62DF100F5CC91 /* Release */,
			);
			defaultConfigurationIsVisible = 0;
			defaultConfigurationName = Release;
		};
		4061927426D62DF100F5CC91 /* Build configuration list for PBXNativeTarget "MyLoyaltyCardsUITests" */ = {
			isa = XCConfigurationList;
			buildConfigurations = (
				4061927526D62DF100F5CC91 /* Debug */,
				4061927626D62DF100F5CC91 /* Release */,
			);
			defaultConfigurationIsVisible = 0;
			defaultConfigurationName = Release;
		};
/* End XCConfigurationList section */
	};
	rootObject = 4061923726D62DEE00F5CC91 /* Project object */;
}
